
Microsoft Visual Studio Solution File, Format Version 12.00
# Visual Studio Version 17
VisualStudioVersion = 17.5.33627.172
MinimumVisualStudioVersion = 10.0.40219.1
Project("{FAE04EC0-301F-11D3-BF4B-00C04F79EFBC}") = "OnlineShoppingMartAPI", "OnlineShoppingMartAPI\OnlineShoppingMartAPI.csproj", "{9F7202AC-01B8-4730-A749-A9E1D4F51B41}"
EndProject
Project("{FAE04EC0-301F-11D3-BF4B-00C04F79EFBC}") = "DataAccessLayer", "DataAccessLayer\DataAccessLayer.csproj", "{4CB5AA34-054E-4B6A-A2FD-ADE86100C6C5}"
EndProject
Project("{FAE04EC0-301F-11D3-BF4B-00C04F79EFBC}") = "BusinessLogicLayer", "BusinessLogicLayer\BusinessLogicLayer.csproj", "{1682A3C2-3B71-4074-9508-868D77D0BAB8}"
EndProject
Global
	GlobalSection(SolutionConfigurationPlatforms) = preSolution
		Debug|Any CPU = Debug|Any CPU
		Release|Any CPU = Release|Any CPU
	EndGlobalSection
	GlobalSection(ProjectConfigurationPlatforms) = postSolution
		{9F7202AC-01B8-4730-A749-A9E1D4F51B41}.Debug|Any CPU.ActiveCfg = Debug|Any CPU
		{9F7202AC-01B8-4730-A749-A9E1D4F51B41}.Debug|Any CPU.Build.0 = Debug|Any CPU
		{9F7202AC-01B8-4730-A749-A9E1D4F51B41}.Release|Any CPU.ActiveCfg = Release|Any CPU
		{9F7202AC-01B8-4730-A749-A9E1D4F51B41}.Release|Any CPU.Build.0 = Release|Any CPU
		{4CB5AA34-054E-4B6A-A2FD-ADE86100C6C5}.Debug|Any CPU.ActiveCfg = Debug|Any CPU
		{4CB5AA34-054E-4B6A-A2FD-ADE86100C6C5}.Debug|Any CPU.Build.0 = Debug|Any CPU
		{4CB5AA34-054E-4B6A-A2FD-ADE86100C6C5}.Release|Any CPU.ActiveCfg = Release|Any CPU
		{4CB5AA34-054E-4B6A-A2FD-ADE86100C6C5}.Release|Any CPU.Build.0 = Release|Any CPU
		{1682A3C2-3B71-4074-9508-868D77D0BAB8}.Debug|Any CPU.ActiveCfg = Debug|Any CPU
		{1682A3C2-3B71-4074-9508-868D77D0BAB8}.Debug|Any CPU.Build.0 = Debug|Any CPU
		{1682A3C2-3B71-4074-9508-868D77D0BAB8}.Release|Any CPU.ActiveCfg = Release|Any CPU
		{1682A3C2-3B71-4074-9508-868D77D0BAB8}.Release|Any CPU.Build.0 = Release|Any CPU
	EndGlobalSection
	GlobalSection(SolutionProperties) = preSolution
		HideSolutionNode = FALSE
	EndGlobalSection
	GlobalSection(ExtensibilityGlobals) = postSolution
		SolutionGuid = {D3155FD9-BF6D-4937-BADC-262C7A582C16}
	EndGlobalSection
EndGlobal
